{
  "name": "npm-workspace-conflict",
  "version": "1.0.0",
  "lockfileVersion": 2,
  "requires": true,
  "packages": {
    "": {
      "name": "npm-workspace-conflict",
      "version": "1.0.0",
      "license": "ISC",
      "workspaces": [
        "packages/*"
      ]
    },
    "node_modules/proj-w-postinstall-dep": {
      "resolved": "packages/proj-w-postinstall-dep",
      "link": true
    },
    "packages/proj-w-postinstall-dep": {
      "version": "1.0.0",
      "hasInstallScript": true,
      "license": "ISC"
    }
  },
  "dependencies": {
    "proj-w-postinstall-dep": {
      "version": "file:packages/proj-w-postinstall-dep"
    }
  }
}
